{
  "name": "@hashport/react-client",
  "version": "0.0.0",
  "lockfileVersion": 2,
  "requires": true,
  "packages": {
    "": {
      "name": "@hashport/react-client",
      "version": "0.0.0",
      "license": "MIT",
      "dependencies": {
        "@hashport/sdk": "file:../sdk"
      }
    },
    "../sdk": {
      "version": "0.0.0",
      "license": "MIT",
      "dependencies": {
        "cross-fetch": "^3.1.5",
        "uuid": "^9.0.0"
      },
      "devDependencies": {
        "@types/uuid": "^9.0.2",
        "abitype": "^0.8.11",
        "dotenv": "^16.3.1"
      },
      "peerDependencies": {
        "@hashgraph/sdk": "^2.24.2",
        "viem": "^1.0.7"
      }
    },
    "node_modules/@hashport/sdk": {
      "resolved": "../sdk",
      "link": true
    }
  },
  "dependencies": {
    "@hashport/sdk": {
      "version": "file:../sdk",
      "requires": {
        "@types/uuid": "^9.0.2",
        "abitype": "^0.8.11",
        "cross-fetch": "^3.1.5",
        "dotenv": "^16.3.1",
        "uuid": "^9.0.0"
      }
    }
  }
}
